
Microsoft Visual Studio Solution File, Format Version 12.00
# Visual Studio Version 17
VisualStudioVersion = 17.8.34408.163
MinimumVisualStudioVersion = 10.0.40219.1
Project("{FAE04EC0-301F-11D3-BF4B-00C04F79EFBC}") = "MultiplicationTable", "MultiplicationTable.csproj", "{3860AFD5-E4BC-43D7-BC50-E56E6F316C11}"
EndProject
Global
	GlobalSection(SolutionConfigurationPlatforms) = preSolution
		Debug|Any CPU = Debug|Any CPU
		Release|Any CPU = Release|Any CPU
	EndGlobalSection
	GlobalSection(ProjectConfigurationPlatforms) = postSolution
		{3860AFD5-E4BC-43D7-BC50-E56E6F316C11}.Debug|Any CPU.ActiveCfg = Debug|Any CPU
		{3860AFD5-E4BC-43D7-BC50-E56E6F316C11}.Debug|Any CPU.Build.0 = Debug|Any CPU
		{3860AFD5-E4BC-43D7-BC50-E56E6F316C11}.Release|Any CPU.ActiveCfg = Release|Any CPU
		{3860AFD5-E4BC-43D7-BC50-E56E6F316C11}.Release|Any CPU.Build.0 = Release|Any CPU
	EndGlobalSection
	GlobalSection(SolutionProperties) = preSolution
		HideSolutionNode = FALSE
	EndGlobalSection
	GlobalSection(ExtensibilityGlobals) = postSolution
		SolutionGuid = {E04C2394-5A06-46F1-AE5C-193E8D4A63CE}
	EndGlobalSection
EndGlobal
