
Microsoft Visual Studio Solution File, Format Version 12.00
# Visual Studio Version 17
VisualStudioVersion = 17.8.34408.163
MinimumVisualStudioVersion = 10.0.40219.1
Project("{FAE04EC0-301F-11D3-BF4B-00C04F79EFBC}") = "FineForOverdueBooks", "FineForOverdueBooks.csproj", "{429964A4-314E-4E0C-B760-25BC91C50D81}"
EndProject
Global
	GlobalSection(SolutionConfigurationPlatforms) = preSolution
		Debug|Any CPU = Debug|Any CPU
		Release|Any CPU = Release|Any CPU
	EndGlobalSection
	GlobalSection(ProjectConfigurationPlatforms) = postSolution
		{429964A4-314E-4E0C-B760-25BC91C50D81}.Debug|Any CPU.ActiveCfg = Debug|Any CPU
		{429964A4-314E-4E0C-B760-25BC91C50D81}.Debug|Any CPU.Build.0 = Debug|Any CPU
		{429964A4-314E-4E0C-B760-25BC91C50D81}.Release|Any CPU.ActiveCfg = Release|Any CPU
		{429964A4-314E-4E0C-B760-25BC91C50D81}.Release|Any CPU.Build.0 = Release|Any CPU
	EndGlobalSection
	GlobalSection(SolutionProperties) = preSolution
		HideSolutionNode = FALSE
	EndGlobalSection
	GlobalSection(ExtensibilityGlobals) = postSolution
		SolutionGuid = {482619F4-81E8-4787-B81B-13156CBA6995}
	EndGlobalSection
EndGlobal
